// !$*UTF8*$!
{
	archiveVersion = 1;
	classes = {
	};
	objectVersion = 46;
	objects = {

/* Begin PBXBuildFile section */
		C8011D811FD6BA940020AD0E /* Logger.cpp in Sources */ = {isa = PBXBuildFile; fileRef = C8011D7F1FD6BA940020AD0E /* Logger.cpp */; };
		C8011D841FD80C940020AD0E /* Server.cpp in Sources */ = {isa = PBXBuildFile; fileRef = C8011D821FD80C940020AD0E /* Server.cpp */; };
		C8011D8A1FD947BA0020AD0E /* SelectLoop.cpp in Sources */ = {isa = PBXBuildFile; fileRef = C8011D881FD947BA0020AD0E /* SelectLoop.cpp */; };
		C8011D8F1FDAACAA0020AD0E /* Client.cpp in Sources */ = {isa = PBXBuildFile; fileRef = C8011D8D1FDAACAA0020AD0E /* Client.cpp */; };
		C8011DA61FDFF83E0020AD0E /* Room.cpp in Sources */ = {isa = PBXBuildFile; fileRef = C8011DA41FDFF83E0020AD0E /* Room.cpp */; };
		C82E561F1FD6A39C004B59B9 /* main.cpp in Sources */ = {isa = PBXBuildFile; fileRef = C82E561E1FD6A39C004B59B9 /* main.cpp */; };
/* End PBXBuildFile section */

/* Begin PBXCopyFilesBuildPhase section */
		C82E56191FD6A39C004B59B9 /* CopyFiles */ = {
			isa = PBXCopyFilesBuildPhase;
			buildActionMask = 2147483647;
			dstPath = /usr/share/man/man1/;
			dstSubfolderSpec = 0;
			files = (
			);
			runOnlyForDeploymentPostprocessing = 1;
		};
/* End PBXCopyFilesBuildPhase section */

/* Begin PBXFileReference section */
		C8011D7F1FD6BA940020AD0E /* Logger.cpp */ = {isa = PBXFileReference; fileEncoding = 4; lastKnownFileType = sourcecode.cpp.cpp; path = Logger.cpp; sourceTree = "<group>"; };
		C8011D801FD6BA940020AD0E /* Logger.hpp */ = {isa = PBXFileReference; fileEncoding = 4; lastKnownFileType = sourcecode.cpp.h; path = Logger.hpp; sourceTree = "<group>"; };
		C8011D821FD80C940020AD0E /* Server.cpp */ = {isa = PBXFileReference; fileEncoding = 4; lastKnownFileType = sourcecode.cpp.cpp; path = Server.cpp; sourceTree = "<group>"; };
		C8011D831FD80C940020AD0E /* Server.hpp */ = {isa = PBXFileReference; fileEncoding = 4; lastKnownFileType = sourcecode.cpp.h; path = Server.hpp; sourceTree = "<group>"; };
		C8011D881FD947BA0020AD0E /* SelectLoop.cpp */ = {isa = PBXFileReference; fileEncoding = 4; lastKnownFileType = sourcecode.cpp.cpp; path = SelectLoop.cpp; sourceTree = "<group>"; };
		C8011D891FD947BA0020AD0E /* SelectLoop.hpp */ = {isa = PBXFileReference; fileEncoding = 4; lastKnownFileType = sourcecode.cpp.h; path = SelectLoop.hpp; sourceTree = "<group>"; };
		C8011D8C1FD966EF0020AD0E /* SelectLoopListener.h */ = {isa = PBXFileReference; lastKnownFileType = sourcecode.c.h; path = SelectLoopListener.h; sourceTree = "<group>"; };
		C8011D8D1FDAACAA0020AD0E /* Client.cpp */ = {isa = PBXFileReference; fileEncoding = 4; lastKnownFileType = sourcecode.cpp.cpp; path = Client.cpp; sourceTree = "<group>"; };
		C8011D8E1FDAACAA0020AD0E /* Client.hpp */ = {isa = PBXFileReference; fileEncoding = 4; lastKnownFileType = sourcecode.cpp.h; path = Client.hpp; sourceTree = "<group>"; };
		C8011DA41FDFF83E0020AD0E /* Room.cpp */ = {isa = PBXFileReference; fileEncoding = 4; lastKnownFileType = sourcecode.cpp.cpp; path = Room.cpp; sourceTree = "<group>"; };
		C8011DA51FDFF83E0020AD0E /* Room.hpp */ = {isa = PBXFileReference; fileEncoding = 4; lastKnownFileType = sourcecode.cpp.h; path = Room.hpp; sourceTree = "<group>"; };
		C82E561B1FD6A39C004B59B9 /* Client-Server Application */ = {isa = PBXFileReference; explicitFileType = "compiled.mach-o.executable"; includeInIndex = 0; path = "Client-Server Application"; sourceTree = BUILT_PRODUCTS_DIR; };
		C82E561E1FD6A39C004B59B9 /* main.cpp */ = {isa = PBXFileReference; lastKnownFileType = sourcecode.cpp.cpp; path = main.cpp; sourceTree = "<group>"; };
/* End PBXFileReference section */

/* Begin PBXFrameworksBuildPhase section */
		C82E56181FD6A39C004B59B9 /* Frameworks */ = {
			isa = PBXFrameworksBuildPhase;
			buildActionMask = 2147483647;
			files = (
			);
			runOnlyForDeploymentPostprocessing = 0;
		};
/* End PBXFrameworksBuildPhase section */

/* Begin PBXGroup section */
		C82E56121FD6A39C004B59B9 = {
			isa = PBXGroup;
			children = (
				C82E561D1FD6A39C004B59B9 /* Client-Server Application */,
				C82E561C1FD6A39C004B59B9 /* Products */,
			);
			sourceTree = "<group>";
		};
		C82E561C1FD6A39C004B59B9 /* Products */ = {
			isa = PBXGroup;
			children = (
				C82E561B1FD6A39C004B59B9 /* Client-Server Application */,
			);
			name = Products;
			sourceTree = "<group>";
		};
		C82E561D1FD6A39C004B59B9 /* Client-Server Application */ = {
			isa = PBXGroup;
			children = (
				C82E561E1FD6A39C004B59B9 /* main.cpp */,
				C8011D7F1FD6BA940020AD0E /* Logger.cpp */,
				C8011D801FD6BA940020AD0E /* Logger.hpp */,
				C8011D821FD80C940020AD0E /* Server.cpp */,
				C8011D831FD80C940020AD0E /* Server.hpp */,
				C8011D881FD947BA0020AD0E /* SelectLoop.cpp */,
				C8011D891FD947BA0020AD0E /* SelectLoop.hpp */,
				C8011D8C1FD966EF0020AD0E /* SelectLoopListener.h */,
				C8011D8D1FDAACAA0020AD0E /* Client.cpp */,
				C8011D8E1FDAACAA0020AD0E /* Client.hpp */,
				C8011DA41FDFF83E0020AD0E /* Room.cpp */,
				C8011DA51FDFF83E0020AD0E /* Room.hpp */,
			);
			path = "Client-Server Application";
			sourceTree = "<group>";
		};
/* End PBXGroup section */

/* Begin PBXNativeTarget section */
		C82E561A1FD6A39C004B59B9 /* Client-Server Application */ = {
			isa = PBXNativeTarget;
			buildConfigurationList = C82E56221FD6A39C004B59B9 /* Build configuration list for PBXNativeTarget "Client-Server Application" */;
			buildPhases = (
				C82E56171FD6A39C004B59B9 /* Sources */,
				C82E56181FD6A39C004B59B9 /* Frameworks */,
				C82E56191FD6A39C004B59B9 /* CopyFiles */,
			);
			buildRules = (
			);
			dependencies = (
			);
			name = "Client-Server Application";
			productName = "Client-Server Application";
			productReference = C82E561B1FD6A39C004B59B9 /* Client-Server Application */;
			productType = "com.apple.product-type.tool";
		};
/* End PBXNativeTarget section */

/* Begin PBXProject section */
		C82E56131FD6A39C004B59B9 /* Project object */ = {
			isa = PBXProject;
			attributes = {
				LastUpgradeCheck = 0830;
				ORGANIZATIONNAME = merateam;
				TargetAttributes = {
					C82E561A1FD6A39C004B59B9 = {
						CreatedOnToolsVersion = 8.3.3;
						DevelopmentTeam = 4J9XA5R5BB;
						ProvisioningStyle = Automatic;
					};
				};
			};
			buildConfigurationList = C82E56161FD6A39C004B59B9 /* Build configuration list for PBXProject "Client-Server Application" */;
			compatibilityVersion = "Xcode 3.2";
			developmentRegion = English;
			hasScannedForEncodings = 0;
			knownRegions = (
				en,
			);
			mainGroup = C82E56121FD6A39C004B59B9;
			productRefGroup = C82E561C1FD6A39C004B59B9 /* Products */;
			projectDirPath = "";
			projectRoot = "";
			targets = (
				C82E561A1FD6A39C004B59B9 /* Client-Server Application */,
			);
		};
/* End PBXProject section */

/* Begin PBXSourcesBuildPhase section */
		C82E56171FD6A39C004B59B9 /* Sources */ = {
			isa = PBXSourcesBuildPhase;
			buildActionMask = 2147483647;
			files = (
				C8011D811FD6BA940020AD0E /* Logger.cpp in Sources */,
				C8011D8F1FDAACAA0020AD0E /* Client.cpp in Sources */,
				C8011D841FD80C940020AD0E /* Server.cpp in Sources */,
				C82E561F1FD6A39C004B59B9 /* main.cpp in Sources */,
				C8011D8A1FD947BA0020AD0E /* SelectLoop.cpp in Sources */,
				C8011DA61FDFF83E0020AD0E /* Room.cpp in Sources */,
			);
			runOnlyForDeploymentPostprocessing = 0;
		};
/* End PBXSourcesBuildPhase section */

/* Begin XCBuildConfiguration section */
		C82E56201FD6A39C004B59B9 /* Debug */ = {
			isa = XCBuildConfiguration;
			buildSettings = {
				ALWAYS_SEARCH_USER_PATHS = NO;
				CLANG_ANALYZER_NONNULL = YES;
				CLANG_ANALYZER_NUMBER_OBJECT_CONVERSION = YES_AGGRESSIVE;
				CLANG_CXX_LANGUAGE_STANDARD = "gnu++0x";
				CLANG_CXX_LIBRARY = "libc++";
				CLANG_ENABLE_MODULES = YES;
				CLANG_ENABLE_OBJC_ARC = YES;
				CLANG_WARN_BOOL_CONVERSION = YES;
				CLANG_WARN_CONSTANT_CONVERSION = YES;
				CLANG_WARN_DIRECT_OBJC_ISA_USAGE = YES_ERROR;
				CLANG_WARN_DOCUMENTATION_COMMENTS = YES;
				CLANG_WARN_EMPTY_BODY = YES;
				CLANG_WARN_ENUM_CONVERSION = YES;
				CLANG_WARN_INFINITE_RECURSION = YES;
				CLANG_WARN_INT_CONVERSION = YES;
				CLANG_WARN_OBJC_ROOT_CLASS = YES_ERROR;
				CLANG_WARN_SUSPICIOUS_MOVE = YES;
				CLANG_WARN_UNREACHABLE_CODE = YES;
				CLANG_WARN__DUPLICATE_METHOD_MATCH = YES;
				CODE_SIGN_IDENTITY = "-";
				COPY_PHASE_STRIP = NO;
				DEBUG_INFORMATION_FORMAT = dwarf;
				ENABLE_STRICT_OBJC_MSGSEND = YES;
				ENABLE_TESTABILITY = YES;
				GCC_C_LANGUAGE_STANDARD = gnu99;
				GCC_DYNAMIC_NO_PIC = NO;
				GCC_NO_COMMON_BLOCKS = YES;
				GCC_OPTIMIZATION_LEVEL = 0;
				GCC_PREPROCESSOR_DEFINITIONS = (
					"DEBUG=1",
					"$(inherited)",
				);
				GCC_WARN_64_TO_32_BIT_CONVERSION = YES;
				GCC_WARN_ABOUT_RETURN_TYPE = YES_ERROR;
				GCC_WARN_UNDECLARED_SELECTOR = YES;
				GCC_WARN_UNINITIALIZED_AUTOS = YES_AGGRESSIVE;
				GCC_WARN_UNUSED_FUNCTION = YES;
				GCC_WARN_UNUSED_VARIABLE = YES;
				MACOSX_DEPLOYMENT_TARGET = 10.13;
				MTL_ENABLE_DEBUG_INFO = YES;
				ONLY_ACTIVE_ARCH = YES;
				SDKROOT = macosx;
			};
			name = Debug;
		};
		C82E56211FD6A39C004B59B9 /* Release */ = {
			isa = XCBuildConfiguration;
			buildSettings = {
				ALWAYS_SEARCH_USER_PATHS = NO;
				CLANG_ANALYZER_NONNULL = YES;
				CLANG_ANALYZER_NUMBER_OBJECT_CONVERSION = YES_AGGRESSIVE;
				CLANG_CXX_LANGUAGE_STANDARD = "gnu++0x";
				CLANG_CXX_LIBRARY = "libc++";
				CLANG_ENABLE_MODULES = YES;
				CLANG_ENABLE_OBJC_ARC = YES;
				CLANG_WARN_BOOL_CONVERSION = YES;
				CLANG_WARN_CONSTANT_CONVERSION = YES;
				CLANG_WARN_DIRECT_OBJC_ISA_USAGE = YES_ERROR;
				CLANG_WARN_DOCUMENTATION_COMMENTS = YES;
				CLANG_WARN_EMPTY_BODY = YES;
				CLANG_WARN_ENUM_CONVERSION = YES;
				CLANG_WARN_INFINITE_RECURSION = YES;
				CLANG_WARN_INT_CONVERSION = YES;
				CLANG_WARN_OBJC_ROOT_CLASS = YES_ERROR;
				CLANG_WARN_SUSPICIOUS_MOVE = YES;
				CLANG_WARN_UNREACHABLE_CODE = YES;
				CLANG_WARN__DUPLICATE_METHOD_MATCH = YES;
				CODE_SIGN_IDENTITY = "-";
				COPY_PHASE_STRIP = NO;
				DEBUG_INFORMATION_FORMAT = "dwarf-with-dsym";
				ENABLE_NS_ASSERTIONS = NO;
				ENABLE_STRICT_OBJC_MSGSEND = YES;
				GCC_C_LANGUAGE_STANDARD = gnu99;
				GCC_NO_COMMON_BLOCKS = YES;
				GCC_WARN_64_TO_32_BIT_CONVERSION = YES;
				GCC_WARN_ABOUT_RETURN_TYPE = YES_ERROR;
				GCC_WARN_UNDECLARED_SELECTOR = YES;
				GCC_WARN_UNINITIALIZED_AUTOS = YES_AGGRESSIVE;
				GCC_WARN_UNUSED_FUNCTION = YES;
				GCC_WARN_UNUSED_VARIABLE = YES;
				MACOSX_DEPLOYMENT_TARGET = 10.13;
				MTL_ENABLE_DEBUG_INFO = NO;
				SDKROOT = macosx;
			};
			name = Release;
		};
		C82E56231FD6A39C004B59B9 /* Debug */ = {
			isa = XCBuildConfiguration;
			buildSettings = {
				DEVELOPMENT_TEAM = 4J9XA5R5BB;
				PRODUCT_NAME = "$(TARGET_NAME)";
			};
			name = Debug;
		};
		C82E56241FD6A39C004B59B9 /* Release */ = {
			isa = XCBuildConfiguration;
			buildSettings = {
				DEVELOPMENT_TEAM = 4J9XA5R5BB;
				PRODUCT_NAME = "$(TARGET_NAME)";
			};
			name = Release;
		};
/* End XCBuildConfiguration section */

/* Begin XCConfigurationList section */
		C82E56161FD6A39C004B59B9 /* Build configuration list for PBXProject "Client-Server Application" */ = {
			isa = XCConfigurationList;
			buildConfigurations = (
				C82E56201FD6A39C004B59B9 /* Debug */,
				C82E56211FD6A39C004B59B9 /* Release */,
			);
			defaultConfigurationIsVisible = 0;
			defaultConfigurationName = Release;
		};
		C82E56221FD6A39C004B59B9 /* Build configuration list for PBXNativeTarget "Client-Server Application" */ = {
			isa = XCConfigurationList;
			buildConfigurations = (
				C82E56231FD6A39C004B59B9 /* Debug */,
				C82E56241FD6A39C004B59B9 /* Release */,
			);
			defaultConfigurationIsVisible = 0;
			defaultConfigurationName = Release;
		};
/* End XCConfigurationList section */
	};
	rootObject = C82E56131FD6A39C004B59B9 /* Project object */;
}
